
Microsoft Visual Studio Solution File, Format Version 12.00
Project("{FAE04EC0-301F-11D3-BF4B-00C04F79EFBC}") = "DependeciesDemo", "DependeciesDemo\DependeciesDemo.csproj", "{FCFC855C-9242-49A5-81B6-D8977095FAFA}"
EndProject
Global
	GlobalSection(SolutionConfigurationPlatforms) = preSolution
		Debug|Any CPU = Debug|Any CPU
		Release|Any CPU = Release|Any CPU
	EndGlobalSection
	GlobalSection(ProjectConfigurationPlatforms) = postSolution
		{FCFC855C-9242-49A5-81B6-D8977095FAFA}.Debug|Any CPU.ActiveCfg = Debug|Any CPU
		{FCFC855C-9242-49A5-81B6-D8977095FAFA}.Debug|Any CPU.Build.0 = Debug|Any CPU
		{FCFC855C-9242-49A5-81B6-D8977095FAFA}.Release|Any CPU.ActiveCfg = Release|Any CPU
		{FCFC855C-9242-49A5-81B6-D8977095FAFA}.Release|Any CPU.Build.0 = Release|Any CPU
	EndGlobalSection
EndGlobal
